
Microsoft Visual Studio Solution File, Format Version 12.00
# Visual Studio 14
VisualStudioVersion = 14.0.25420.1
MinimumVisualStudioVersion = 10.0.40219.1
Project("{FAE04EC0-301F-11D3-BF4B-00C04F79EFBC}") = "Jinhe.Migrant.WebApi", "Jinhe.Migrant.WebApi\Jinhe.Migrant.WebApi.csproj", "{009EA19F-0E08-4ABC-B6FE-EE3AEBC826F5}"
EndProject
Project("{FAE04EC0-301F-11D3-BF4B-00C04F79EFBC}") = "Jinhe.Migrant.App", "Jinhe.Migrant.App\Jinhe.Migrant.App.csproj", "{2965F57A-9DDE-4AB3-91EA-B64FEA3E591E}"
EndProject
Global
	GlobalSection(SolutionConfigurationPlatforms) = preSolution
		Debug|Any CPU = Debug|Any CPU
		Release|Any CPU = Release|Any CPU
	EndGlobalSection
	GlobalSection(ProjectConfigurationPlatforms) = postSolution
		{009EA19F-0E08-4ABC-B6FE-EE3AEBC826F5}.Debug|Any CPU.ActiveCfg = Debug|Any CPU
		{009EA19F-0E08-4ABC-B6FE-EE3AEBC826F5}.Debug|Any CPU.Build.0 = Debug|Any CPU
		{009EA19F-0E08-4ABC-B6FE-EE3AEBC826F5}.Release|Any CPU.ActiveCfg = Release|Any CPU
		{009EA19F-0E08-4ABC-B6FE-EE3AEBC826F5}.Release|Any CPU.Build.0 = Release|Any CPU
		{2965F57A-9DDE-4AB3-91EA-B64FEA3E591E}.Debug|Any CPU.ActiveCfg = Debug|Any CPU
		{2965F57A-9DDE-4AB3-91EA-B64FEA3E591E}.Debug|Any CPU.Build.0 = Debug|Any CPU
		{2965F57A-9DDE-4AB3-91EA-B64FEA3E591E}.Release|Any CPU.ActiveCfg = Release|Any CPU
		{2965F57A-9DDE-4AB3-91EA-B64FEA3E591E}.Release|Any CPU.Build.0 = Release|Any CPU
	EndGlobalSection
	GlobalSection(SolutionProperties) = preSolution
		HideSolutionNode = FALSE
	EndGlobalSection
EndGlobal
